
Microsoft Visual Studio Solution File, Format Version 12.00
# Visual Studio 15
VisualStudioVersion = 15.0.27428.2015
MinimumVisualStudioVersion = 10.0.40219.1
Project("{FAE04EC0-301F-11D3-BF4B-00C04F79EFBC}") = "while_con_incremento", "while_con_incremento\while_con_incremento.csproj", "{1220B763-F9DE-4D0D-9E64-9862B69ECADA}"
EndProject
Global
	GlobalSection(SolutionConfigurationPlatforms) = preSolution
		Debug|Any CPU = Debug|Any CPU
		Release|Any CPU = Release|Any CPU
	EndGlobalSection
	GlobalSection(ProjectConfigurationPlatforms) = postSolution
		{1220B763-F9DE-4D0D-9E64-9862B69ECADA}.Debug|Any CPU.ActiveCfg = Debug|Any CPU
		{1220B763-F9DE-4D0D-9E64-9862B69ECADA}.Debug|Any CPU.Build.0 = Debug|Any CPU
		{1220B763-F9DE-4D0D-9E64-9862B69ECADA}.Release|Any CPU.ActiveCfg = Release|Any CPU
		{1220B763-F9DE-4D0D-9E64-9862B69ECADA}.Release|Any CPU.Build.0 = Release|Any CPU
	EndGlobalSection
	GlobalSection(SolutionProperties) = preSolution
		HideSolutionNode = FALSE
	EndGlobalSection
	GlobalSection(ExtensibilityGlobals) = postSolution
		SolutionGuid = {C0A988D6-4D73-4ACA-AE02-116C281E6350}
	EndGlobalSection
EndGlobal
